// !$*UTF8*$!
{
	archiveVersion = 1;
	classes = {
	};
	objectVersion = 46;
	objects = {

/* Begin PBXBuildFile section */
		523291451D13935900BFF4AB /* main.m in Sources */ = {isa = PBXBuildFile; fileRef = 523291441D13935900BFF4AB /* main.m */; };
		523291481D13935900BFF4AB /* AppDelegate.m in Sources */ = {isa = PBXBuildFile; fileRef = 523291471D13935900BFF4AB /* AppDelegate.m */; };
		5232914B1D13935900BFF4AB /* ViewController.m in Sources */ = {isa = PBXBuildFile; fileRef = 5232914A1D13935900BFF4AB /* ViewController.m */; };
		5232914E1D13935900BFF4AB /* Main.storyboard in Resources */ = {isa = PBXBuildFile; fileRef = 5232914C1D13935900BFF4AB /* Main.storyboard */; };
		523291501D13935900BFF4AB /* Assets.xcassets in Resources */ = {isa = PBXBuildFile; fileRef = 5232914F1D13935900BFF4AB /* Assets.xcassets */; };
		523291531D13935900BFF4AB /* LaunchScreen.storyboard in Resources */ = {isa = PBXBuildFile; fileRef = 523291511D13935900BFF4AB /* LaunchScreen.storyboard */; };
		5232915D1D1394D100BFF4AB /* FileHelper.m in Sources */ = {isa = PBXBuildFile; fileRef = 5232915C1D1394D100BFF4AB /* FileHelper.m */; };
		523291611D139B6000BFF4AB /* CSVInteractor.m in Sources */ = {isa = PBXBuildFile; fileRef = 523291601D139B6000BFF4AB /* CSVInteractor.m */; };
		523291631D139CE300BFF4AB /* StationsCSV.csv in Resources */ = {isa = PBXBuildFile; fileRef = 523291621D139CE300BFF4AB /* StationsCSV.csv */; };
		529E662D1D13ADBA00A8A239 /* StationInteractor.m in Sources */ = {isa = PBXBuildFile; fileRef = 529E662C1D13ADBA00A8A239 /* StationInteractor.m */; };
		529E66321D13B11000A8A239 /* bpt.cc in Sources */ = {isa = PBXBuildFile; fileRef = 529E662F1D13B11000A8A239 /* bpt.cc */; };
		529E66381D13BC9F00A8A239 /* BPTree.mm in Sources */ = {isa = PBXBuildFile; fileRef = 529E66371D13BC9F00A8A239 /* BPTree.mm */; };
		529E663C1D13C05800A8A239 /* BPTreeInteractor.m in Sources */ = {isa = PBXBuildFile; fileRef = 529E663B1D13C05800A8A239 /* BPTreeInteractor.m */; };
		52B2F4F01D16E36700AD9386 /* CPTableViewController.m in Sources */ = {isa = PBXBuildFile; fileRef = 52B2F4EF1D16E36700AD9386 /* CPTableViewController.m */; };
		52C285171D16E9430016737E /* SVIndefiniteAnimatedView.m in Sources */ = {isa = PBXBuildFile; fileRef = 52C2850E1D16E9430016737E /* SVIndefiniteAnimatedView.m */; };
		52C285181D16E9430016737E /* SVProgressAnimatedView.m in Sources */ = {isa = PBXBuildFile; fileRef = 52C285101D16E9430016737E /* SVProgressAnimatedView.m */; };
		52C285191D16E9430016737E /* SVProgressHUD.bundle in Resources */ = {isa = PBXBuildFile; fileRef = 52C285121D16E9430016737E /* SVProgressHUD.bundle */; };
		52C2851A1D16E9430016737E /* SVProgressHUD.m in Sources */ = {isa = PBXBuildFile; fileRef = 52C285141D16E9430016737E /* SVProgressHUD.m */; };
		52C2851B1D16E9430016737E /* SVRadialGradientLayer.m in Sources */ = {isa = PBXBuildFile; fileRef = 52C285161D16E9430016737E /* SVRadialGradientLayer.m */; };
		52C285241D1735270016737E /* ResultTableViewController.m in Sources */ = {isa = PBXBuildFile; fileRef = 52C285231D1735270016737E /* ResultTableViewController.m */; };
/* End PBXBuildFile section */

/* Begin PBXFileReference section */
		523291401D13935900BFF4AB /* CitiBikeData.app */ = {isa = PBXFileReference; explicitFileType = wrapper.application; includeInIndex = 0; path = CitiBikeData.app; sourceTree = BUILT_PRODUCTS_DIR; };
		523291441D13935900BFF4AB /* main.m */ = {isa = PBXFileReference; lastKnownFileType = sourcecode.c.objc; path = main.m; sourceTree = "<group>"; };
		523291461D13935900BFF4AB /* AppDelegate.h */ = {isa = PBXFileReference; lastKnownFileType = sourcecode.c.h; path = AppDelegate.h; sourceTree = "<group>"; };
		523291471D13935900BFF4AB /* AppDelegate.m */ = {isa = PBXFileReference; lastKnownFileType = sourcecode.c.objc; path = AppDelegate.m; sourceTree = "<group>"; };
		523291491D13935900BFF4AB /* ViewController.h */ = {isa = PBXFileReference; lastKnownFileType = sourcecode.c.h; path = ViewController.h; sourceTree = "<group>"; };
		5232914A1D13935900BFF4AB /* ViewController.m */ = {isa = PBXFileReference; lastKnownFileType = sourcecode.c.objc; path = ViewController.m; sourceTree = "<group>"; };
		5232914D1D13935900BFF4AB /* Base */ = {isa = PBXFileReference; lastKnownFileType = file.storyboard; name = Base; path = Base.lproj/Main.storyboard; sourceTree = "<group>"; };
		5232914F1D13935900BFF4AB /* Assets.xcassets */ = {isa = PBXFileReference; lastKnownFileType = folder.assetcatalog; path = Assets.xcassets; sourceTree = "<group>"; };
		523291521D13935900BFF4AB /* Base */ = {isa = PBXFileReference; lastKnownFileType = file.storyboard; name = Base; path = Base.lproj/LaunchScreen.storyboard; sourceTree = "<group>"; };
		523291541D13935900BFF4AB /* Info.plist */ = {isa = PBXFileReference; lastKnownFileType = text.plist.xml; path = Info.plist; sourceTree = "<group>"; };
		5232915B1D1394D100BFF4AB /* FileHelper.h */ = {isa = PBXFileReference; fileEncoding = 4; lastKnownFileType = sourcecode.c.h; path = FileHelper.h; sourceTree = "<group>"; };
		5232915C1D1394D100BFF4AB /* FileHelper.m */ = {isa = PBXFileReference; fileEncoding = 4; lastKnownFileType = sourcecode.c.objc; path = FileHelper.m; sourceTree = "<group>"; };
		5232915F1D139B6000BFF4AB /* CSVInteractor.h */ = {isa = PBXFileReference; fileEncoding = 4; lastKnownFileType = sourcecode.c.h; path = CSVInteractor.h; sourceTree = "<group>"; };
		523291601D139B6000BFF4AB /* CSVInteractor.m */ = {isa = PBXFileReference; fileEncoding = 4; lastKnownFileType = sourcecode.c.objc; path = CSVInteractor.m; sourceTree = "<group>"; };
		523291621D139CE300BFF4AB /* StationsCSV.csv */ = {isa = PBXFileReference; fileEncoding = 4; lastKnownFileType = text; path = StationsCSV.csv; sourceTree = "<group>"; };
		523291651D13A33600BFF4AB /* Station.h */ = {isa = PBXFileReference; lastKnownFileType = sourcecode.c.h; path = Station.h; sourceTree = "<group>"; };
		529E662B1D13ADBA00A8A239 /* StationInteractor.h */ = {isa = PBXFileReference; fileEncoding = 4; lastKnownFileType = sourcecode.c.h; path = StationInteractor.h; sourceTree = "<group>"; };
		529E662C1D13ADBA00A8A239 /* StationInteractor.m */ = {isa = PBXFileReference; fileEncoding = 4; lastKnownFileType = sourcecode.c.objc; path = StationInteractor.m; sourceTree = "<group>"; };
		529E662F1D13B11000A8A239 /* bpt.cc */ = {isa = PBXFileReference; fileEncoding = 4; lastKnownFileType = sourcecode.cpp.cpp; path = bpt.cc; sourceTree = "<group>"; };
		529E66301D13B11000A8A239 /* bpt.h */ = {isa = PBXFileReference; fileEncoding = 4; lastKnownFileType = sourcecode.c.h; path = bpt.h; sourceTree = "<group>"; };
		529E66311D13B11000A8A239 /* predefined.h */ = {isa = PBXFileReference; explicitFileType = sourcecode.c.h; fileEncoding = 4; path = predefined.h; sourceTree = "<group>"; };
		529E66361D13BC9F00A8A239 /* BPTree.h */ = {isa = PBXFileReference; fileEncoding = 4; lastKnownFileType = sourcecode.c.h; path = BPTree.h; sourceTree = "<group>"; };
		529E66371D13BC9F00A8A239 /* BPTree.mm */ = {isa = PBXFileReference; fileEncoding = 4; lastKnownFileType = sourcecode.cpp.objcpp; path = BPTree.mm; sourceTree = "<group>"; };
		529E663A1D13C05800A8A239 /* BPTreeInteractor.h */ = {isa = PBXFileReference; fileEncoding = 4; lastKnownFileType = sourcecode.c.h; path = BPTreeInteractor.h; sourceTree = "<group>"; };
		529E663B1D13C05800A8A239 /* BPTreeInteractor.m */ = {isa = PBXFileReference; fileEncoding = 4; lastKnownFileType = sourcecode.c.objc; path = BPTreeInteractor.m; sourceTree = "<group>"; };
		52B2F4EE1D16E36700AD9386 /* CPTableViewController.h */ = {isa = PBXFileReference; fileEncoding = 4; lastKnownFileType = sourcecode.c.h; path = CPTableViewController.h; sourceTree = "<group>"; };
		52B2F4EF1D16E36700AD9386 /* CPTableViewController.m */ = {isa = PBXFileReference; fileEncoding = 4; lastKnownFileType = sourcecode.c.objc; path = CPTableViewController.m; sourceTree = "<group>"; };
		52C2850D1D16E9430016737E /* SVIndefiniteAnimatedView.h */ = {isa = PBXFileReference; fileEncoding = 4; lastKnownFileType = sourcecode.c.h; path = SVIndefiniteAnimatedView.h; sourceTree = "<group>"; };
		52C2850E1D16E9430016737E /* SVIndefiniteAnimatedView.m */ = {isa = PBXFileReference; fileEncoding = 4; lastKnownFileType = sourcecode.c.objc; path = SVIndefiniteAnimatedView.m; sourceTree = "<group>"; };
		52C2850F1D16E9430016737E /* SVProgressAnimatedView.h */ = {isa = PBXFileReference; fileEncoding = 4; lastKnownFileType = sourcecode.c.h; path = SVProgressAnimatedView.h; sourceTree = "<group>"; };
		52C285101D16E9430016737E /* SVProgressAnimatedView.m */ = {isa = PBXFileReference; fileEncoding = 4; lastKnownFileType = sourcecode.c.objc; path = SVProgressAnimatedView.m; sourceTree = "<group>"; };
		52C285111D16E9430016737E /* SVProgressHUD-Prefix.pch */ = {isa = PBXFileReference; fileEncoding = 4; lastKnownFileType = sourcecode.c.h; path = "SVProgressHUD-Prefix.pch"; sourceTree = "<group>"; };
		52C285121D16E9430016737E /* SVProgressHUD.bundle */ = {isa = PBXFileReference; lastKnownFileType = "wrapper.plug-in"; path = SVProgressHUD.bundle; sourceTree = "<group>"; };
		52C285131D16E9430016737E /* SVProgressHUD.h */ = {isa = PBXFileReference; fileEncoding = 4; lastKnownFileType = sourcecode.c.h; path = SVProgressHUD.h; sourceTree = "<group>"; };
		52C285141D16E9430016737E /* SVProgressHUD.m */ = {isa = PBXFileReference; fileEncoding = 4; lastKnownFileType = sourcecode.c.objc; path = SVProgressHUD.m; sourceTree = "<group>"; };
		52C285151D16E9430016737E /* SVRadialGradientLayer.h */ = {isa = PBXFileReference; fileEncoding = 4; lastKnownFileType = sourcecode.c.h; path = SVRadialGradientLayer.h; sourceTree = "<group>"; };
		52C285161D16E9430016737E /* SVRadialGradientLayer.m */ = {isa = PBXFileReference; fileEncoding = 4; lastKnownFileType = sourcecode.c.objc; path = SVRadialGradientLayer.m; sourceTree = "<group>"; };
		52C285221D1735270016737E /* ResultTableViewController.h */ = {isa = PBXFileReference; fileEncoding = 4; lastKnownFileType = sourcecode.c.h; path = ResultTableViewController.h; sourceTree = "<group>"; };
		52C285231D1735270016737E /* ResultTableViewController.m */ = {isa = PBXFileReference; fileEncoding = 4; lastKnownFileType = sourcecode.c.objc; path = ResultTableViewController.m; sourceTree = "<group>"; };
/* End PBXFileReference section */

/* Begin PBXFrameworksBuildPhase section */
		5232913D1D13935900BFF4AB /* Frameworks */ = {
			isa = PBXFrameworksBuildPhase;
			buildActionMask = 2147483647;
			files = (
			);
			runOnlyForDeploymentPostprocessing = 0;
		};
/* End PBXFrameworksBuildPhase section */

/* Begin PBXGroup section */
		523291371D13935900BFF4AB = {
			isa = PBXGroup;
			children = (
				523291421D13935900BFF4AB /* CitiBikeData */,
				523291411D13935900BFF4AB /* Products */,
			);
			sourceTree = "<group>";
		};
		523291411D13935900BFF4AB /* Products */ = {
			isa = PBXGroup;
			children = (
				523291401D13935900BFF4AB /* CitiBikeData.app */,
			);
			name = Products;
			sourceTree = "<group>";
		};
		523291421D13935900BFF4AB /* CitiBikeData */ = {
			isa = PBXGroup;
			children = (
				52C2850C1D16E9430016737E /* SVProgressHUD */,
				52B2F4EA1D16E08300AD9386 /* Controllers */,
				529E662E1D13B10500A8A239 /* BPTree */,
				523291641D13A2FA00BFF4AB /* Station */,
				523291461D13935900BFF4AB /* AppDelegate.h */,
				523291471D13935900BFF4AB /* AppDelegate.m */,
				5232914F1D13935900BFF4AB /* Assets.xcassets */,
				5232915E1D139B3E00BFF4AB /* CSV */,
				5232915A1D1394A000BFF4AB /* Helpers */,
				523291541D13935900BFF4AB /* Info.plist */,
				523291511D13935900BFF4AB /* LaunchScreen.storyboard */,
				523291621D139CE300BFF4AB /* StationsCSV.csv */,
				5232914C1D13935900BFF4AB /* Main.storyboard */,
				523291431D13935900BFF4AB /* Supporting Files */,
				523291491D13935900BFF4AB /* ViewController.h */,
				5232914A1D13935900BFF4AB /* ViewController.m */,
			);
			path = CitiBikeData;
			sourceTree = "<group>";
		};
		523291431D13935900BFF4AB /* Supporting Files */ = {
			isa = PBXGroup;
			children = (
				523291441D13935900BFF4AB /* main.m */,
			);
			name = "Supporting Files";
			sourceTree = "<group>";
		};
		5232915A1D1394A000BFF4AB /* Helpers */ = {
			isa = PBXGroup;
			children = (
				5232915B1D1394D100BFF4AB /* FileHelper.h */,
				5232915C1D1394D100BFF4AB /* FileHelper.m */,
			);
			path = Helpers;
			sourceTree = "<group>";
		};
		5232915E1D139B3E00BFF4AB /* CSV */ = {
			isa = PBXGroup;
			children = (
				5232915F1D139B6000BFF4AB /* CSVInteractor.h */,
				523291601D139B6000BFF4AB /* CSVInteractor.m */,
			);
			path = CSV;
			sourceTree = "<group>";
		};
		523291641D13A2FA00BFF4AB /* Station */ = {
			isa = PBXGroup;
			children = (
				523291651D13A33600BFF4AB /* Station.h */,
				529E662B1D13ADBA00A8A239 /* StationInteractor.h */,
				529E662C1D13ADBA00A8A239 /* StationInteractor.m */,
			);
			path = Station;
			sourceTree = "<group>";
		};
		529E662E1D13B10500A8A239 /* BPTree */ = {
			isa = PBXGroup;
			children = (
				529E66391D13C04300A8A239 /* Interactor */,
				529E663D1D13C9AE00A8A239 /* bpt */,
				529E66361D13BC9F00A8A239 /* BPTree.h */,
				529E66371D13BC9F00A8A239 /* BPTree.mm */,
			);
			path = BPTree;
			sourceTree = "<group>";
		};
		529E66391D13C04300A8A239 /* Interactor */ = {
			isa = PBXGroup;
			children = (
				529E663A1D13C05800A8A239 /* BPTreeInteractor.h */,
				529E663B1D13C05800A8A239 /* BPTreeInteractor.m */,
			);
			path = Interactor;
			sourceTree = "<group>";
		};
		529E663D1D13C9AE00A8A239 /* bpt */ = {
			isa = PBXGroup;
			children = (
				529E662F1D13B11000A8A239 /* bpt.cc */,
				529E66301D13B11000A8A239 /* bpt.h */,
				529E66311D13B11000A8A239 /* predefined.h */,
			);
			name = bpt;
			sourceTree = "<group>";
		};
		52B2F4EA1D16E08300AD9386 /* Controllers */ = {
			isa = PBXGroup;
			children = (
				52C285211D1735020016737E /* ResultTable */,
				52C2851C1D16E9620016737E /* CPTable */,
			);
			path = Controllers;
			sourceTree = "<group>";
		};
		52C2850C1D16E9430016737E /* SVProgressHUD */ = {
			isa = PBXGroup;
			children = (
				52C2850D1D16E9430016737E /* SVIndefiniteAnimatedView.h */,
				52C2850E1D16E9430016737E /* SVIndefiniteAnimatedView.m */,
				52C2850F1D16E9430016737E /* SVProgressAnimatedView.h */,
				52C285101D16E9430016737E /* SVProgressAnimatedView.m */,
				52C285111D16E9430016737E /* SVProgressHUD-Prefix.pch */,
				52C285121D16E9430016737E /* SVProgressHUD.bundle */,
				52C285131D16E9430016737E /* SVProgressHUD.h */,
				52C285141D16E9430016737E /* SVProgressHUD.m */,
				52C285151D16E9430016737E /* SVRadialGradientLayer.h */,
				52C285161D16E9430016737E /* SVRadialGradientLayer.m */,
			);
			path = SVProgressHUD;
			sourceTree = "<group>";
		};
		52C2851C1D16E9620016737E /* CPTable */ = {
			isa = PBXGroup;
			children = (
				52B2F4EE1D16E36700AD9386 /* CPTableViewController.h */,
				52B2F4EF1D16E36700AD9386 /* CPTableViewController.m */,
			);
			name = CPTable;
			sourceTree = "<group>";
		};
		52C285211D1735020016737E /* ResultTable */ = {
			isa = PBXGroup;
			children = (
				52C285221D1735270016737E /* ResultTableViewController.h */,
				52C285231D1735270016737E /* ResultTableViewController.m */,
			);
			path = ResultTable;
			sourceTree = "<group>";
		};
/* End PBXGroup section */

/* Begin PBXNativeTarget section */
		5232913F1D13935900BFF4AB /* CitiBikeData */ = {
			isa = PBXNativeTarget;
			buildConfigurationList = 523291571D13935900BFF4AB /* Build configuration list for PBXNativeTarget "CitiBikeData" */;
			buildPhases = (
				5232913C1D13935900BFF4AB /* Sources */,
				5232913D1D13935900BFF4AB /* Frameworks */,
				5232913E1D13935900BFF4AB /* Resources */,
			);
			buildRules = (
			);
			dependencies = (
			);
			name = CitiBikeData;
			productName = CitiBikeData;
			productReference = 523291401D13935900BFF4AB /* CitiBikeData.app */;
			productType = "com.apple.product-type.application";
		};
/* End PBXNativeTarget section */

/* Begin PBXProject section */
		523291381D13935900BFF4AB /* Project object */ = {
			isa = PBXProject;
			attributes = {
				LastUpgradeCheck = 0730;
				ORGANIZATIONNAME = PDG;
				TargetAttributes = {
					5232913F1D13935900BFF4AB = {
						CreatedOnToolsVersion = 7.3.1;
					};
				};
			};
			buildConfigurationList = 5232913B1D13935900BFF4AB /* Build configuration list for PBXProject "CitiBikeData" */;
			compatibilityVersion = "Xcode 3.2";
			developmentRegion = English;
			hasScannedForEncodings = 0;
			knownRegions = (
				en,
				Base,
			);
			mainGroup = 523291371D13935900BFF4AB;
			productRefGroup = 523291411D13935900BFF4AB /* Products */;
			projectDirPath = "";
			projectRoot = "";
			targets = (
				5232913F1D13935900BFF4AB /* CitiBikeData */,
			);
		};
/* End PBXProject section */

/* Begin PBXResourcesBuildPhase section */
		5232913E1D13935900BFF4AB /* Resources */ = {
			isa = PBXResourcesBuildPhase;
			buildActionMask = 2147483647;
			files = (
				52C285191D16E9430016737E /* SVProgressHUD.bundle in Resources */,
				523291531D13935900BFF4AB /* LaunchScreen.storyboard in Resources */,
				523291501D13935900BFF4AB /* Assets.xcassets in Resources */,
				523291631D139CE300BFF4AB /* StationsCSV.csv in Resources */,
				5232914E1D13935900BFF4AB /* Main.storyboard in Resources */,
			);
			runOnlyForDeploymentPostprocessing = 0;
		};
/* End PBXResourcesBuildPhase section */

/* Begin PBXSourcesBuildPhase section */
		5232913C1D13935900BFF4AB /* Sources */ = {
			isa = PBXSourcesBuildPhase;
			buildActionMask = 2147483647;
			files = (
				5232914B1D13935900BFF4AB /* ViewController.m in Sources */,
				523291481D13935900BFF4AB /* AppDelegate.m in Sources */,
				529E663C1D13C05800A8A239 /* BPTreeInteractor.m in Sources */,
				529E66381D13BC9F00A8A239 /* BPTree.mm in Sources */,
				523291451D13935900BFF4AB /* main.m in Sources */,
				52B2F4F01D16E36700AD9386 /* CPTableViewController.m in Sources */,
				529E66321D13B11000A8A239 /* bpt.cc in Sources */,
				52C2851B1D16E9430016737E /* SVRadialGradientLayer.m in Sources */,
				5232915D1D1394D100BFF4AB /* FileHelper.m in Sources */,
				523291611D139B6000BFF4AB /* CSVInteractor.m in Sources */,
				52C285241D1735270016737E /* ResultTableViewController.m in Sources */,
				52C2851A1D16E9430016737E /* SVProgressHUD.m in Sources */,
				52C285171D16E9430016737E /* SVIndefiniteAnimatedView.m in Sources */,
				529E662D1D13ADBA00A8A239 /* StationInteractor.m in Sources */,
				52C285181D16E9430016737E /* SVProgressAnimatedView.m in Sources */,
			);
			runOnlyForDeploymentPostprocessing = 0;
		};
/* End PBXSourcesBuildPhase section */

/* Begin PBXVariantGroup section */
		5232914C1D13935900BFF4AB /* Main.storyboard */ = {
			isa = PBXVariantGroup;
			children = (
				5232914D1D13935900BFF4AB /* Base */,
			);
			name = Main.storyboard;
			sourceTree = "<group>";
		};
		523291511D13935900BFF4AB /* LaunchScreen.storyboard */ = {
			isa = PBXVariantGroup;
			children = (
				523291521D13935900BFF4AB /* Base */,
			);
			name = LaunchScreen.storyboard;
			sourceTree = "<group>";
		};
/* End PBXVariantGroup section */

/* Begin XCBuildConfiguration section */
		523291551D13935900BFF4AB /* Debug */ = {
			isa = XCBuildConfiguration;
			buildSettings = {
				ALWAYS_SEARCH_USER_PATHS = NO;
				CLANG_ANALYZER_NONNULL = YES;
				CLANG_CXX_LANGUAGE_STANDARD = "gnu++0x";
				CLANG_CXX_LIBRARY = "libc++";
				CLANG_ENABLE_MODULES = YES;
				CLANG_ENABLE_OBJC_ARC = YES;
				CLANG_WARN_BOOL_CONVERSION = YES;
				CLANG_WARN_CONSTANT_CONVERSION = YES;
				CLANG_WARN_DIRECT_OBJC_ISA_USAGE = YES_ERROR;
				CLANG_WARN_EMPTY_BODY = YES;
				CLANG_WARN_ENUM_CONVERSION = YES;
				CLANG_WARN_INT_CONVERSION = YES;
				CLANG_WARN_OBJC_ROOT_CLASS = YES_ERROR;
				CLANG_WARN_UNREACHABLE_CODE = YES;
				CLANG_WARN__DUPLICATE_METHOD_MATCH = YES;
				"CODE_SIGN_IDENTITY[sdk=iphoneos*]" = "iPhone Developer";
				COPY_PHASE_STRIP = NO;
				DEBUG_INFORMATION_FORMAT = dwarf;
				ENABLE_STRICT_OBJC_MSGSEND = YES;
				ENABLE_TESTABILITY = YES;
				GCC_C_LANGUAGE_STANDARD = gnu99;
				GCC_DYNAMIC_NO_PIC = NO;
				GCC_NO_COMMON_BLOCKS = YES;
				GCC_OPTIMIZATION_LEVEL = 0;
				GCC_PREPROCESSOR_DEFINITIONS = (
					"DEBUG=1",
					"$(inherited)",
				);
				GCC_WARN_64_TO_32_BIT_CONVERSION = YES;
				GCC_WARN_ABOUT_RETURN_TYPE = YES_ERROR;
				GCC_WARN_UNDECLARED_SELECTOR = YES;
				GCC_WARN_UNINITIALIZED_AUTOS = YES_AGGRESSIVE;
				GCC_WARN_UNUSED_FUNCTION = YES;
				GCC_WARN_UNUSED_VARIABLE = YES;
				IPHONEOS_DEPLOYMENT_TARGET = 9.3;
				MTL_ENABLE_DEBUG_INFO = YES;
				ONLY_ACTIVE_ARCH = YES;
				SDKROOT = iphoneos;
			};
			name = Debug;
		};
		523291561D13935900BFF4AB /* Release */ = {
			isa = XCBuildConfiguration;
			buildSettings = {
				ALWAYS_SEARCH_USER_PATHS = NO;
				CLANG_ANALYZER_NONNULL = YES;
				CLANG_CXX_LANGUAGE_STANDARD = "gnu++0x";
				CLANG_CXX_LIBRARY = "libc++";
				CLANG_ENABLE_MODULES = YES;
				CLANG_ENABLE_OBJC_ARC = YES;
				CLANG_WARN_BOOL_CONVERSION = YES;
				CLANG_WARN_CONSTANT_CONVERSION = YES;
				CLANG_WARN_DIRECT_OBJC_ISA_USAGE = YES_ERROR;
				CLANG_WARN_EMPTY_BODY = YES;
				CLANG_WARN_ENUM_CONVERSION = YES;
				CLANG_WARN_INT_CONVERSION = YES;
				CLANG_WARN_OBJC_ROOT_CLASS = YES_ERROR;
				CLANG_WARN_UNREACHABLE_CODE = YES;
				CLANG_WARN__DUPLICATE_METHOD_MATCH = YES;
				"CODE_SIGN_IDENTITY[sdk=iphoneos*]" = "iPhone Developer";
				COPY_PHASE_STRIP = NO;
				DEBUG_INFORMATION_FORMAT = "dwarf-with-dsym";
				ENABLE_NS_ASSERTIONS = NO;
				ENABLE_STRICT_OBJC_MSGSEND = YES;
				GCC_C_LANGUAGE_STANDARD = gnu99;
				GCC_NO_COMMON_BLOCKS = YES;
				GCC_WARN_64_TO_32_BIT_CONVERSION = YES;
				GCC_WARN_ABOUT_RETURN_TYPE = YES_ERROR;
				GCC_WARN_UNDECLARED_SELECTOR = YES;
				GCC_WARN_UNINITIALIZED_AUTOS = YES_AGGRESSIVE;
				GCC_WARN_UNUSED_FUNCTION = YES;
				GCC_WARN_UNUSED_VARIABLE = YES;
				IPHONEOS_DEPLOYMENT_TARGET = 9.3;
				MTL_ENABLE_DEBUG_INFO = NO;
				SDKROOT = iphoneos;
				VALIDATE_PRODUCT = YES;
			};
			name = Release;
		};
		523291581D13935900BFF4AB /* Debug */ = {
			isa = XCBuildConfiguration;
			buildSettings = {
				ASSETCATALOG_COMPILER_APPICON_NAME = AppIcon;
				INFOPLIST_FILE = CitiBikeData/Info.plist;
				LD_RUNPATH_SEARCH_PATHS = "$(inherited) @executable_path/Frameworks";
				PRODUCT_BUNDLE_IDENTIFIER = PDG.CitiBikeData;
				PRODUCT_NAME = "$(TARGET_NAME)";
			};
			name = Debug;
		};
		523291591D13935900BFF4AB /* Release */ = {
			isa = XCBuildConfiguration;
			buildSettings = {
				ASSETCATALOG_COMPILER_APPICON_NAME = AppIcon;
				INFOPLIST_FILE = CitiBikeData/Info.plist;
				LD_RUNPATH_SEARCH_PATHS = "$(inherited) @executable_path/Frameworks";
				PRODUCT_BUNDLE_IDENTIFIER = PDG.CitiBikeData;
				PRODUCT_NAME = "$(TARGET_NAME)";
			};
			name = Release;
		};
/* End XCBuildConfiguration section */

/* Begin XCConfigurationList section */
		5232913B1D13935900BFF4AB /* Build configuration list for PBXProject "CitiBikeData" */ = {
			isa = XCConfigurationList;
			buildConfigurations = (
				523291551D13935900BFF4AB /* Debug */,
				523291561D13935900BFF4AB /* Release */,
			);
			defaultConfigurationIsVisible = 0;
			defaultConfigurationName = Release;
		};
		523291571D13935900BFF4AB /* Build configuration list for PBXNativeTarget "CitiBikeData" */ = {
			isa = XCConfigurationList;
			buildConfigurations = (
				523291581D13935900BFF4AB /* Debug */,
				523291591D13935900BFF4AB /* Release */,
			);
			defaultConfigurationIsVisible = 0;
			defaultConfigurationName = Release;
		};
/* End XCConfigurationList section */
	};
	rootObject = 523291381D13935900BFF4AB /* Project object */;
}
